
Microsoft Visual Studio Solution File, Format Version 12.00
# Visual Studio Version 17
VisualStudioVersion = 17.10.35122.118
MinimumVisualStudioVersion = 10.0.40219.1
Project("{FAE04EC0-301F-11D3-BF4B-00C04F79EFBC}") = "ITawtITaw", "ITawtITaw\ITawtITaw.csproj", "{59A069A9-8BDB-4DCF-80BC-5C56BA868F42}"
EndProject
Project("{FAE04EC0-301F-11D3-BF4B-00C04F79EFBC}") = "DWMP", "DWMP\DWMP.csproj", "{EE0CCB4C-4389-47C4-967D-F37B5DBE65B1}"
EndProject
Project("{FAE04EC0-301F-11D3-BF4B-00C04F79EFBC}") = "ScytheEverything", "ScytheEverything\ScytheEverything.csproj", "{7A3A346C-6EF3-4A41-8FAB-24671FDCF8F7}"
EndProject
Project("{FAE04EC0-301F-11D3-BF4B-00C04F79EFBC}") = "TubaWalk", "MusicalEncumbering\TubaWalk.csproj", "{EA282DA8-693D-4CF1-BF7A-8ECAC0827EAA}"
EndProject
Project("{FAE04EC0-301F-11D3-BF4B-00C04F79EFBC}") = "InstaSmelt", "InstaSmelt\InstaSmelt.csproj", "{403D189D-5AD4-4BAA-9C08-BFF3AAF97D0D}"
EndProject
Project("{FAE04EC0-301F-11D3-BF4B-00C04F79EFBC}") = "TrophyHuntMod", "TrophyHuntMod\TrophyHuntMod.csproj", "{93C3A5AE-6334-4635-88BA-D61D730B4124}"
EndProject
Project("{2150E333-8FDC-42A3-9474-1A3956D46DE8}") = "Solution Items", "Solution Items", "{00EF7E3F-17AD-4F70-BBBC-B62471BAB852}"
	ProjectSection(SolutionItems) = preProject
		utils\AssemblyPublicizer.exe = utils\AssemblyPublicizer.exe
		utils\denikson-BepInExPack_Valheim-5.4.2332.zip = utils\denikson-BepInExPack_Valheim-5.4.2332.zip
		Directory.Build.props = Directory.Build.props
		utils\pdb2mdb.exe = utils\pdb2mdb.exe
		README.md = README.md
	EndProjectSection
EndProject
Project("{FAE04EC0-301F-11D3-BF4B-00C04F79EFBC}") = "YakkityFast", "YakkityFast\YakkityFast.csproj", "{0D1DCDC1-6D37-4CED-8064-C4AEF78C5D32}"
EndProject
Project("{FAE04EC0-301F-11D3-BF4B-00C04F79EFBC}") = "Pacifist", "Pacifist\Pacifist.csproj", "{433D9A28-2569-4833-A4E3-4A8F8D439955}"
EndProject
Project("{FAE04EC0-301F-11D3-BF4B-00C04F79EFBC}") = "Sandbox", "Sandbox\Sandbox.csproj", "{24D22288-1529-4F00-BE4E-DDBB3D779685}"
EndProject
Project("{FAE04EC0-301F-11D3-BF4B-00C04F79EFBC}") = "DroneCam", "DroneCam\DroneCam.csproj", "{256D4813-A4F8-4D2B-9FB2-4C0A0662B80E}"
EndProject
Project("{FAE04EC0-301F-11D3-BF4B-00C04F79EFBC}") = "KillCam", "Killcam\KillCam.csproj", "{76BDB84B-D5EF-41E8-A982-EABC6BC78A89}"
EndProject
Global
	GlobalSection(SolutionConfigurationPlatforms) = preSolution
		Debug|Any CPU = Debug|Any CPU
		Release|Any CPU = Release|Any CPU
	EndGlobalSection
	GlobalSection(ProjectConfigurationPlatforms) = postSolution
		{59A069A9-8BDB-4DCF-80BC-5C56BA868F42}.Debug|Any CPU.ActiveCfg = Debug|Any CPU
		{59A069A9-8BDB-4DCF-80BC-5C56BA868F42}.Debug|Any CPU.Build.0 = Debug|Any CPU
		{59A069A9-8BDB-4DCF-80BC-5C56BA868F42}.Release|Any CPU.ActiveCfg = Release|Any CPU
		{59A069A9-8BDB-4DCF-80BC-5C56BA868F42}.Release|Any CPU.Build.0 = Release|Any CPU
		{EE0CCB4C-4389-47C4-967D-F37B5DBE65B1}.Debug|Any CPU.ActiveCfg = Debug|Any CPU
		{EE0CCB4C-4389-47C4-967D-F37B5DBE65B1}.Debug|Any CPU.Build.0 = Debug|Any CPU
		{EE0CCB4C-4389-47C4-967D-F37B5DBE65B1}.Release|Any CPU.ActiveCfg = Release|Any CPU
		{EE0CCB4C-4389-47C4-967D-F37B5DBE65B1}.Release|Any CPU.Build.0 = Release|Any CPU
		{7A3A346C-6EF3-4A41-8FAB-24671FDCF8F7}.Debug|Any CPU.ActiveCfg = Debug|Any CPU
		{7A3A346C-6EF3-4A41-8FAB-24671FDCF8F7}.Debug|Any CPU.Build.0 = Debug|Any CPU
		{7A3A346C-6EF3-4A41-8FAB-24671FDCF8F7}.Release|Any CPU.ActiveCfg = Release|Any CPU
		{7A3A346C-6EF3-4A41-8FAB-24671FDCF8F7}.Release|Any CPU.Build.0 = Release|Any CPU
		{EA282DA8-693D-4CF1-BF7A-8ECAC0827EAA}.Debug|Any CPU.ActiveCfg = Debug|Any CPU
		{EA282DA8-693D-4CF1-BF7A-8ECAC0827EAA}.Debug|Any CPU.Build.0 = Debug|Any CPU
		{EA282DA8-693D-4CF1-BF7A-8ECAC0827EAA}.Release|Any CPU.ActiveCfg = Release|Any CPU
		{EA282DA8-693D-4CF1-BF7A-8ECAC0827EAA}.Release|Any CPU.Build.0 = Release|Any CPU
		{403D189D-5AD4-4BAA-9C08-BFF3AAF97D0D}.Debug|Any CPU.ActiveCfg = Debug|Any CPU
		{403D189D-5AD4-4BAA-9C08-BFF3AAF97D0D}.Debug|Any CPU.Build.0 = Debug|Any CPU
		{403D189D-5AD4-4BAA-9C08-BFF3AAF97D0D}.Release|Any CPU.ActiveCfg = Release|Any CPU
		{403D189D-5AD4-4BAA-9C08-BFF3AAF97D0D}.Release|Any CPU.Build.0 = Release|Any CPU
		{93C3A5AE-6334-4635-88BA-D61D730B4124}.Debug|Any CPU.ActiveCfg = Debug|Any CPU
		{93C3A5AE-6334-4635-88BA-D61D730B4124}.Debug|Any CPU.Build.0 = Debug|Any CPU
		{93C3A5AE-6334-4635-88BA-D61D730B4124}.Release|Any CPU.ActiveCfg = Release|Any CPU
		{93C3A5AE-6334-4635-88BA-D61D730B4124}.Release|Any CPU.Build.0 = Release|Any CPU
		{0D1DCDC1-6D37-4CED-8064-C4AEF78C5D32}.Debug|Any CPU.ActiveCfg = Debug|Any CPU
		{0D1DCDC1-6D37-4CED-8064-C4AEF78C5D32}.Debug|Any CPU.Build.0 = Debug|Any CPU
		{0D1DCDC1-6D37-4CED-8064-C4AEF78C5D32}.Release|Any CPU.ActiveCfg = Release|Any CPU
		{0D1DCDC1-6D37-4CED-8064-C4AEF78C5D32}.Release|Any CPU.Build.0 = Release|Any CPU
		{433D9A28-2569-4833-A4E3-4A8F8D439955}.Debug|Any CPU.ActiveCfg = Debug|Any CPU
		{433D9A28-2569-4833-A4E3-4A8F8D439955}.Debug|Any CPU.Build.0 = Debug|Any CPU
		{433D9A28-2569-4833-A4E3-4A8F8D439955}.Release|Any CPU.ActiveCfg = Release|Any CPU
		{433D9A28-2569-4833-A4E3-4A8F8D439955}.Release|Any CPU.Build.0 = Release|Any CPU
		{24D22288-1529-4F00-BE4E-DDBB3D779685}.Debug|Any CPU.ActiveCfg = Debug|Any CPU
		{24D22288-1529-4F00-BE4E-DDBB3D779685}.Debug|Any CPU.Build.0 = Debug|Any CPU
		{24D22288-1529-4F00-BE4E-DDBB3D779685}.Release|Any CPU.ActiveCfg = Release|Any CPU
		{24D22288-1529-4F00-BE4E-DDBB3D779685}.Release|Any CPU.Build.0 = Release|Any CPU
		{256D4813-A4F8-4D2B-9FB2-4C0A0662B80E}.Debug|Any CPU.ActiveCfg = Debug|Any CPU
		{256D4813-A4F8-4D2B-9FB2-4C0A0662B80E}.Debug|Any CPU.Build.0 = Debug|Any CPU
		{256D4813-A4F8-4D2B-9FB2-4C0A0662B80E}.Release|Any CPU.ActiveCfg = Release|Any CPU
		{256D4813-A4F8-4D2B-9FB2-4C0A0662B80E}.Release|Any CPU.Build.0 = Release|Any CPU
		{76BDB84B-D5EF-41E8-A982-EABC6BC78A89}.Debug|Any CPU.ActiveCfg = Debug|Any CPU
		{76BDB84B-D5EF-41E8-A982-EABC6BC78A89}.Debug|Any CPU.Build.0 = Debug|Any CPU
		{76BDB84B-D5EF-41E8-A982-EABC6BC78A89}.Release|Any CPU.ActiveCfg = Release|Any CPU
		{76BDB84B-D5EF-41E8-A982-EABC6BC78A89}.Release|Any CPU.Build.0 = Release|Any CPU
	EndGlobalSection
	GlobalSection(SolutionProperties) = preSolution
		HideSolutionNode = FALSE
	EndGlobalSection
	GlobalSection(ExtensibilityGlobals) = postSolution
		SolutionGuid = {3CA2E20E-B136-499C-BCA8-D6E9A0CA93A2}
	EndGlobalSection
EndGlobal
